
Microsoft Visual Studio Solution File, Format Version 12.00
# Visual Studio Version 17
VisualStudioVersion = 17.6.33815.320
MinimumVisualStudioVersion = 10.0.40219.1
Project("{FAE04EC0-301F-11D3-BF4B-00C04F79EFBC}") = "LaunchIE", "LaunchIE.csproj", "{75A3DEDC-3F00-48D9-9FEE-3EF3304E41AA}"
EndProject
Global
	GlobalSection(SolutionConfigurationPlatforms) = preSolution
		Debug|Any CPU = Debug|Any CPU
		Release|Any CPU = Release|Any CPU
	EndGlobalSection
	GlobalSection(ProjectConfigurationPlatforms) = postSolution
		{75A3DEDC-3F00-48D9-9FEE-3EF3304E41AA}.Debug|Any CPU.ActiveCfg = Debug|Any CPU
		{75A3DEDC-3F00-48D9-9FEE-3EF3304E41AA}.Debug|Any CPU.Build.0 = Debug|Any CPU
		{75A3DEDC-3F00-48D9-9FEE-3EF3304E41AA}.Release|Any CPU.ActiveCfg = Release|Any CPU
		{75A3DEDC-3F00-48D9-9FEE-3EF3304E41AA}.Release|Any CPU.Build.0 = Release|Any CPU
	EndGlobalSection
	GlobalSection(SolutionProperties) = preSolution
		HideSolutionNode = FALSE
	EndGlobalSection
	GlobalSection(ExtensibilityGlobals) = postSolution
		SolutionGuid = {6E478852-FC21-4B5C-AC24-C463E350D5AA}
	EndGlobalSection
EndGlobal
